# @generated by Move, please check-in and do not edit manually.

[move]
version = 2
manifest_digest = "07D88896A13992D61937DFD975C096056655FF326868991251169C33A203466B"
deps_digest = "F8BBB0CCB2491CA29A3DF03D6F92277A4F3574266507ACD77214D37ECA3F3082"
dependencies = [
  { name = "Iota" },
]

[[move.package]]
name = "Iota"
source = { git = "https://github.com/iotaledger/iota.git", rev = "testnet", subdir = "crates/iota-framework/packages/iota-framework" }

dependencies = [
  { name = "MoveStdlib" },
]

[[move.package]]
name = "MoveStdlib"
source = { git = "https://github.com/iotaledger/iota.git", rev = "testnet", subdir = "crates/iota-framework/packages/move-stdlib" }

[move.toolchain-version]
compiler-version = "0.7.0-alpha"
edition = "2024.beta"
flavor = "iota"

[env]

[env.testnet]
chain-id = "2304aa97"
original-published-id = "0x2069e91c8333350bdf6bbd2991266ad33992757db7af48291adb58e7a5b0e1aa"
latest-published-id = "0x2069e91c8333350bdf6bbd2991266ad33992757db7af48291adb58e7a5b0e1aa"
published-version = "1"
